// !$*UTF8*$!
{
	archiveVersion = 1;
	classes = {
	};
	objectVersion = 46;
	objects = {

/* Begin PBXBuildFile section */
		C0B3A4221D76B6B400B2DE9A /* atlasForeverTests.swift in Sources */ = {isa = PBXBuildFile; fileRef = C0B3A4211D76B6B400B2DE9A /* atlasForeverTests.swift */; };
		C0B3A42D1D76B6B400B2DE9A /* atlasForeverUITests.swift in Sources */ = {isa = PBXBuildFile; fileRef = C0B3A42C1D76B6B400B2DE9A /* atlasForeverUITests.swift */; };
		C0B3A4411D76B6E900B2DE9A /* AppDelegate.swift in Sources */ = {isa = PBXBuildFile; fileRef = C0B3A43A1D76B6E900B2DE9A /* AppDelegate.swift */; };
		C0B3A4421D76B6E900B2DE9A /* Assets.xcassets in Resources */ = {isa = PBXBuildFile; fileRef = C0B3A43B1D76B6E900B2DE9A /* Assets.xcassets */; };
		C0B3A4431D76B6E900B2DE9A /* MainMenu.xib in Resources */ = {isa = PBXBuildFile; fileRef = C0B3A43D1D76B6E900B2DE9A /* MainMenu.xib */; };
		C0B3A4441D76B6E900B2DE9A /* NSAnimatedButton.swift in Sources */ = {isa = PBXBuildFile; fileRef = C0B3A43E1D76B6E900B2DE9A /* NSAnimatedButton.swift */; };
		C0B3A4451D76B6E900B2DE9A /* mainNSWindow.swift in Sources */ = {isa = PBXBuildFile; fileRef = C0B3A43F1D76B6E900B2DE9A /* mainNSWindow.swift */; };
		C0B3A4481D76B77000B2DE9A /* Info.plist in Resources */ = {isa = PBXBuildFile; fileRef = C0B3A4471D76B77000B2DE9A /* Info.plist */; };
/* End PBXBuildFile section */

/* Begin PBXContainerItemProxy section */
		C0B3A41E1D76B6B400B2DE9A /* PBXContainerItemProxy */ = {
			isa = PBXContainerItemProxy;
			containerPortal = C0B3A4061D76B6B400B2DE9A /* Project object */;
			proxyType = 1;
			remoteGlobalIDString = C0B3A40D1D76B6B400B2DE9A;
			remoteInfo = atlasForever;
		};
		C0B3A4291D76B6B400B2DE9A /* PBXContainerItemProxy */ = {
			isa = PBXContainerItemProxy;
			containerPortal = C0B3A4061D76B6B400B2DE9A /* Project object */;
			proxyType = 1;
			remoteGlobalIDString = C0B3A40D1D76B6B400B2DE9A;
			remoteInfo = atlasForever;
		};
/* End PBXContainerItemProxy section */

/* Begin PBXFileReference section */
		C0B3A40E1D76B6B400B2DE9A /* atlasForever.app */ = {isa = PBXFileReference; explicitFileType = wrapper.application; includeInIndex = 0; path = atlasForever.app; sourceTree = BUILT_PRODUCTS_DIR; };
		C0B3A41D1D76B6B400B2DE9A /* atlasForeverTests.xctest */ = {isa = PBXFileReference; explicitFileType = wrapper.cfbundle; includeInIndex = 0; path = atlasForeverTests.xctest; sourceTree = BUILT_PRODUCTS_DIR; };
		C0B3A4211D76B6B400B2DE9A /* atlasForeverTests.swift */ = {isa = PBXFileReference; lastKnownFileType = sourcecode.swift; path = atlasForeverTests.swift; sourceTree = "<group>"; };
		C0B3A4231D76B6B400B2DE9A /* Info.plist */ = {isa = PBXFileReference; lastKnownFileType = text.plist.xml; path = Info.plist; sourceTree = "<group>"; };
		C0B3A4281D76B6B400B2DE9A /* atlasForeverUITests.xctest */ = {isa = PBXFileReference; explicitFileType = wrapper.cfbundle; includeInIndex = 0; path = atlasForeverUITests.xctest; sourceTree = BUILT_PRODUCTS_DIR; };
		C0B3A42C1D76B6B400B2DE9A /* atlasForeverUITests.swift */ = {isa = PBXFileReference; lastKnownFileType = sourcecode.swift; path = atlasForeverUITests.swift; sourceTree = "<group>"; };
		C0B3A42E1D76B6B400B2DE9A /* Info.plist */ = {isa = PBXFileReference; lastKnownFileType = text.plist.xml; path = Info.plist; sourceTree = "<group>"; };
		C0B3A43A1D76B6E900B2DE9A /* AppDelegate.swift */ = {isa = PBXFileReference; fileEncoding = 4; lastKnownFileType = sourcecode.swift; path = AppDelegate.swift; sourceTree = "<group>"; };
		C0B3A43B1D76B6E900B2DE9A /* Assets.xcassets */ = {isa = PBXFileReference; lastKnownFileType = folder.assetcatalog; path = Assets.xcassets; sourceTree = "<group>"; };
		C0B3A43C1D76B6E900B2DE9A /* Base */ = {isa = PBXFileReference; lastKnownFileType = file.xib; name = Base; path = Base.lproj/MainMenu.xib; sourceTree = "<group>"; };
		C0B3A43E1D76B6E900B2DE9A /* NSAnimatedButton.swift */ = {isa = PBXFileReference; fileEncoding = 4; lastKnownFileType = sourcecode.swift; path = NSAnimatedButton.swift; sourceTree = "<group>"; };
		C0B3A43F1D76B6E900B2DE9A /* mainNSWindow.swift */ = {isa = PBXFileReference; fileEncoding = 4; lastKnownFileType = sourcecode.swift; path = mainNSWindow.swift; sourceTree = "<group>"; };
		C0B3A4471D76B77000B2DE9A /* Info.plist */ = {isa = PBXFileReference; fileEncoding = 4; lastKnownFileType = text.plist.xml; path = Info.plist; sourceTree = "<group>"; };
/* End PBXFileReference section */

/* Begin PBXFrameworksBuildPhase section */
		C0B3A40B1D76B6B400B2DE9A /* Frameworks */ = {
			isa = PBXFrameworksBuildPhase;
			buildActionMask = 2147483647;
			files = (
			);
			runOnlyForDeploymentPostprocessing = 0;
		};
		C0B3A41A1D76B6B400B2DE9A /* Frameworks */ = {
			isa = PBXFrameworksBuildPhase;
			buildActionMask = 2147483647;
			files = (
			);
			runOnlyForDeploymentPostprocessing = 0;
		};
		C0B3A4251D76B6B400B2DE9A /* Frameworks */ = {
			isa = PBXFrameworksBuildPhase;
			buildActionMask = 2147483647;
			files = (
			);
			runOnlyForDeploymentPostprocessing = 0;
		};
/* End PBXFrameworksBuildPhase section */

/* Begin PBXGroup section */
		C0B3A4051D76B6B300B2DE9A = {
			isa = PBXGroup;
			children = (
				C0B3A4101D76B6B400B2DE9A /* atlasForever */,
				C0B3A4201D76B6B400B2DE9A /* atlasForeverTests */,
				C0B3A42B1D76B6B400B2DE9A /* atlasForeverUITests */,
				C0B3A40F1D76B6B400B2DE9A /* Products */,
			);
			sourceTree = "<group>";
		};
		C0B3A40F1D76B6B400B2DE9A /* Products */ = {
			isa = PBXGroup;
			children = (
				C0B3A40E1D76B6B400B2DE9A /* atlasForever.app */,
				C0B3A41D1D76B6B400B2DE9A /* atlasForeverTests.xctest */,
				C0B3A4281D76B6B400B2DE9A /* atlasForeverUITests.xctest */,
			);
			name = Products;
			sourceTree = "<group>";
		};
		C0B3A4101D76B6B400B2DE9A /* atlasForever */ = {
			isa = PBXGroup;
			children = (
				C0B3A43A1D76B6E900B2DE9A /* AppDelegate.swift */,
				C0B3A43B1D76B6E900B2DE9A /* Assets.xcassets */,
				C0B3A43D1D76B6E900B2DE9A /* MainMenu.xib */,
				C0B3A43E1D76B6E900B2DE9A /* NSAnimatedButton.swift */,
				C0B3A43F1D76B6E900B2DE9A /* mainNSWindow.swift */,
				C0B3A4471D76B77000B2DE9A /* Info.plist */,
			);
			path = atlasForever;
			sourceTree = "<group>";
		};
		C0B3A4201D76B6B400B2DE9A /* atlasForeverTests */ = {
			isa = PBXGroup;
			children = (
				C0B3A4211D76B6B400B2DE9A /* atlasForeverTests.swift */,
				C0B3A4231D76B6B400B2DE9A /* Info.plist */,
			);
			path = atlasForeverTests;
			sourceTree = "<group>";
		};
		C0B3A42B1D76B6B400B2DE9A /* atlasForeverUITests */ = {
			isa = PBXGroup;
			children = (
				C0B3A42C1D76B6B400B2DE9A /* atlasForeverUITests.swift */,
				C0B3A42E1D76B6B400B2DE9A /* Info.plist */,
			);
			path = atlasForeverUITests;
			sourceTree = "<group>";
		};
/* End PBXGroup section */

/* Begin PBXNativeTarget section */
		C0B3A40D1D76B6B400B2DE9A /* atlasForever */ = {
			isa = PBXNativeTarget;
			buildConfigurationList = C0B3A4311D76B6B400B2DE9A /* Build configuration list for PBXNativeTarget "atlasForever" */;
			buildPhases = (
				C0B3A40A1D76B6B400B2DE9A /* Sources */,
				C0B3A40B1D76B6B400B2DE9A /* Frameworks */,
				C0B3A40C1D76B6B400B2DE9A /* Resources */,
			);
			buildRules = (
			);
			dependencies = (
			);
			name = atlasForever;
			productName = atlasForever;
			productReference = C0B3A40E1D76B6B400B2DE9A /* atlasForever.app */;
			productType = "com.apple.product-type.application";
		};
		C0B3A41C1D76B6B400B2DE9A /* atlasForeverTests */ = {
			isa = PBXNativeTarget;
			buildConfigurationList = C0B3A4341D76B6B400B2DE9A /* Build configuration list for PBXNativeTarget "atlasForeverTests" */;
			buildPhases = (
				C0B3A4191D76B6B400B2DE9A /* Sources */,
				C0B3A41A1D76B6B400B2DE9A /* Frameworks */,
				C0B3A41B1D76B6B400B2DE9A /* Resources */,
			);
			buildRules = (
			);
			dependencies = (
				C0B3A41F1D76B6B400B2DE9A /* PBXTargetDependency */,
			);
			name = atlasForeverTests;
			productName = atlasForeverTests;
			productReference = C0B3A41D1D76B6B400B2DE9A /* atlasForeverTests.xctest */;
			productType = "com.apple.product-type.bundle.unit-test";
		};
		C0B3A4271D76B6B400B2DE9A /* atlasForeverUITests */ = {
			isa = PBXNativeTarget;
			buildConfigurationList = C0B3A4371D76B6B400B2DE9A /* Build configuration list for PBXNativeTarget "atlasForeverUITests" */;
			buildPhases = (
				C0B3A4241D76B6B400B2DE9A /* Sources */,
				C0B3A4251D76B6B400B2DE9A /* Frameworks */,
				C0B3A4261D76B6B400B2DE9A /* Resources */,
			);
			buildRules = (
			);
			dependencies = (
				C0B3A42A1D76B6B400B2DE9A /* PBXTargetDependency */,
			);
			name = atlasForeverUITests;
			productName = atlasForeverUITests;
			productReference = C0B3A4281D76B6B400B2DE9A /* atlasForeverUITests.xctest */;
			productType = "com.apple.product-type.bundle.ui-testing";
		};
/* End PBXNativeTarget section */

/* Begin PBXProject section */
		C0B3A4061D76B6B400B2DE9A /* Project object */ = {
			isa = PBXProject;
			attributes = {
				LastSwiftUpdateCheck = 0730;
				LastUpgradeCheck = 0730;
				ORGANIZATIONNAME = George;
				TargetAttributes = {
					C0B3A40D1D76B6B400B2DE9A = {
						CreatedOnToolsVersion = 7.3.1;
					};
					C0B3A41C1D76B6B400B2DE9A = {
						CreatedOnToolsVersion = 7.3.1;
						TestTargetID = C0B3A40D1D76B6B400B2DE9A;
					};
					C0B3A4271D76B6B400B2DE9A = {
						CreatedOnToolsVersion = 7.3.1;
						TestTargetID = C0B3A40D1D76B6B400B2DE9A;
					};
				};
			};
			buildConfigurationList = C0B3A4091D76B6B400B2DE9A /* Build configuration list for PBXProject "atlasForever" */;
			compatibilityVersion = "Xcode 3.2";
			developmentRegion = English;
			hasScannedForEncodings = 0;
			knownRegions = (
				en,
				Base,
			);
			mainGroup = C0B3A4051D76B6B300B2DE9A;
			productRefGroup = C0B3A40F1D76B6B400B2DE9A /* Products */;
			projectDirPath = "";
			projectRoot = "";
			targets = (
				C0B3A40D1D76B6B400B2DE9A /* atlasForever */,
				C0B3A41C1D76B6B400B2DE9A /* atlasForeverTests */,
				C0B3A4271D76B6B400B2DE9A /* atlasForeverUITests */,
			);
		};
/* End PBXProject section */

/* Begin PBXResourcesBuildPhase section */
		C0B3A40C1D76B6B400B2DE9A /* Resources */ = {
			isa = PBXResourcesBuildPhase;
			buildActionMask = 2147483647;
			files = (
				C0B3A4481D76B77000B2DE9A /* Info.plist in Resources */,
				C0B3A4421D76B6E900B2DE9A /* Assets.xcassets in Resources */,
				C0B3A4431D76B6E900B2DE9A /* MainMenu.xib in Resources */,
			);
			runOnlyForDeploymentPostprocessing = 0;
		};
		C0B3A41B1D76B6B400B2DE9A /* Resources */ = {
			isa = PBXResourcesBuildPhase;
			buildActionMask = 2147483647;
			files = (
			);
			runOnlyForDeploymentPostprocessing = 0;
		};
		C0B3A4261D76B6B400B2DE9A /* Resources */ = {
			isa = PBXResourcesBuildPhase;
			buildActionMask = 2147483647;
			files = (
			);
			runOnlyForDeploymentPostprocessing = 0;
		};
/* End PBXResourcesBuildPhase section */

/* Begin PBXSourcesBuildPhase section */
		C0B3A40A1D76B6B400B2DE9A /* Sources */ = {
			isa = PBXSourcesBuildPhase;
			buildActionMask = 2147483647;
			files = (
				C0B3A4411D76B6E900B2DE9A /* AppDelegate.swift in Sources */,
				C0B3A4441D76B6E900B2DE9A /* NSAnimatedButton.swift in Sources */,
				C0B3A4451D76B6E900B2DE9A /* mainNSWindow.swift in Sources */,
			);
			runOnlyForDeploymentPostprocessing = 0;
		};
		C0B3A4191D76B6B400B2DE9A /* Sources */ = {
			isa = PBXSourcesBuildPhase;
			buildActionMask = 2147483647;
			files = (
				C0B3A4221D76B6B400B2DE9A /* atlasForeverTests.swift in Sources */,
			);
			runOnlyForDeploymentPostprocessing = 0;
		};
		C0B3A4241D76B6B400B2DE9A /* Sources */ = {
			isa = PBXSourcesBuildPhase;
			buildActionMask = 2147483647;
			files = (
				C0B3A42D1D76B6B400B2DE9A /* atlasForeverUITests.swift in Sources */,
			);
			runOnlyForDeploymentPostprocessing = 0;
		};
/* End PBXSourcesBuildPhase section */

/* Begin PBXTargetDependency section */
		C0B3A41F1D76B6B400B2DE9A /* PBXTargetDependency */ = {
			isa = PBXTargetDependency;
			target = C0B3A40D1D76B6B400B2DE9A /* atlasForever */;
			targetProxy = C0B3A41E1D76B6B400B2DE9A /* PBXContainerItemProxy */;
		};
		C0B3A42A1D76B6B400B2DE9A /* PBXTargetDependency */ = {
			isa = PBXTargetDependency;
			target = C0B3A40D1D76B6B400B2DE9A /* atlasForever */;
			targetProxy = C0B3A4291D76B6B400B2DE9A /* PBXContainerItemProxy */;
		};
/* End PBXTargetDependency section */

/* Begin PBXVariantGroup section */
		C0B3A43D1D76B6E900B2DE9A /* MainMenu.xib */ = {
			isa = PBXVariantGroup;
			children = (
				C0B3A43C1D76B6E900B2DE9A /* Base */,
			);
			name = MainMenu.xib;
			path = ../../../../.Trash/AnimationHelper/animationHelper/animationHelper;
			sourceTree = "<group>";
		};
/* End PBXVariantGroup section */

/* Begin XCBuildConfiguration section */
		C0B3A42F1D76B6B400B2DE9A /* Debug */ = {
			isa = XCBuildConfiguration;
			buildSettings = {
				ALWAYS_SEARCH_USER_PATHS = NO;
				CLANG_ANALYZER_NONNULL = YES;
				CLANG_CXX_LANGUAGE_STANDARD = "gnu++0x";
				CLANG_CXX_LIBRARY = "libc++";
				CLANG_ENABLE_MODULES = YES;
				CLANG_ENABLE_OBJC_ARC = YES;
				CLANG_WARN_BOOL_CONVERSION = YES;
				CLANG_WARN_CONSTANT_CONVERSION = YES;
				CLANG_WARN_DIRECT_OBJC_ISA_USAGE = YES_ERROR;
				CLANG_WARN_EMPTY_BODY = YES;
				CLANG_WARN_ENUM_CONVERSION = YES;
				CLANG_WARN_INT_CONVERSION = YES;
				CLANG_WARN_OBJC_ROOT_CLASS = YES_ERROR;
				CLANG_WARN_UNREACHABLE_CODE = YES;
				CLANG_WARN__DUPLICATE_METHOD_MATCH = YES;
				CODE_SIGN_IDENTITY = "-";
				COPY_PHASE_STRIP = NO;
				DEBUG_INFORMATION_FORMAT = dwarf;
				ENABLE_STRICT_OBJC_MSGSEND = YES;
				ENABLE_TESTABILITY = YES;
				GCC_C_LANGUAGE_STANDARD = gnu99;
				GCC_DYNAMIC_NO_PIC = NO;
				GCC_NO_COMMON_BLOCKS = YES;
				GCC_OPTIMIZATION_LEVEL = 0;
				GCC_PREPROCESSOR_DEFINITIONS = (
					"DEBUG=1",
					"$(inherited)",
				);
				GCC_WARN_64_TO_32_BIT_CONVERSION = YES;
				GCC_WARN_ABOUT_RETURN_TYPE = YES_ERROR;
				GCC_WARN_UNDECLARED_SELECTOR = YES;
				GCC_WARN_UNINITIALIZED_AUTOS = YES_AGGRESSIVE;
				GCC_WARN_UNUSED_FUNCTION = YES;
				GCC_WARN_UNUSED_VARIABLE = YES;
				MACOSX_DEPLOYMENT_TARGET = 10.11;
				MTL_ENABLE_DEBUG_INFO = YES;
				ONLY_ACTIVE_ARCH = YES;
				SDKROOT = macosx;
				SWIFT_OPTIMIZATION_LEVEL = "-Onone";
			};
			name = Debug;
		};
		C0B3A4301D76B6B400B2DE9A /* Release */ = {
			isa = XCBuildConfiguration;
			buildSettings = {
				ALWAYS_SEARCH_USER_PATHS = NO;
				CLANG_ANALYZER_NONNULL = YES;
				CLANG_CXX_LANGUAGE_STANDARD = "gnu++0x";
				CLANG_CXX_LIBRARY = "libc++";
				CLANG_ENABLE_MODULES = YES;
				CLANG_ENABLE_OBJC_ARC = YES;
				CLANG_WARN_BOOL_CONVERSION = YES;
				CLANG_WARN_CONSTANT_CONVERSION = YES;
				CLANG_WARN_DIRECT_OBJC_ISA_USAGE = YES_ERROR;
				CLANG_WARN_EMPTY_BODY = YES;
				CLANG_WARN_ENUM_CONVERSION = YES;
				CLANG_WARN_INT_CONVERSION = YES;
				CLANG_WARN_OBJC_ROOT_CLASS = YES_ERROR;
				CLANG_WARN_UNREACHABLE_CODE = YES;
				CLANG_WARN__DUPLICATE_METHOD_MATCH = YES;
				CODE_SIGN_IDENTITY = "-";
				COPY_PHASE_STRIP = NO;
				DEBUG_INFORMATION_FORMAT = "dwarf-with-dsym";
				ENABLE_NS_ASSERTIONS = NO;
				ENABLE_STRICT_OBJC_MSGSEND = YES;
				GCC_C_LANGUAGE_STANDARD = gnu99;
				GCC_NO_COMMON_BLOCKS = YES;
				GCC_WARN_64_TO_32_BIT_CONVERSION = YES;
				GCC_WARN_ABOUT_RETURN_TYPE = YES_ERROR;
				GCC_WARN_UNDECLARED_SELECTOR = YES;
				GCC_WARN_UNINITIALIZED_AUTOS = YES_AGGRESSIVE;
				GCC_WARN_UNUSED_FUNCTION = YES;
				GCC_WARN_UNUSED_VARIABLE = YES;
				MACOSX_DEPLOYMENT_TARGET = 10.11;
				MTL_ENABLE_DEBUG_INFO = NO;
				SDKROOT = macosx;
			};
			name = Release;
		};
		C0B3A4321D76B6B400B2DE9A /* Debug */ = {
			isa = XCBuildConfiguration;
			buildSettings = {
				ASSETCATALOG_COMPILER_APPICON_NAME = AppIcon;
				COMBINE_HIDPI_IMAGES = YES;
				INFOPLIST_FILE = atlasForever/Info.plist;
				LD_RUNPATH_SEARCH_PATHS = "$(inherited) @executable_path/../Frameworks";
				PRODUCT_BUNDLE_IDENTIFIER = GeorgeTorres.atlasForever;
				PRODUCT_NAME = "$(TARGET_NAME)";
			};
			name = Debug;
		};
		C0B3A4331D76B6B400B2DE9A /* Release */ = {
			isa = XCBuildConfiguration;
			buildSettings = {
				ASSETCATALOG_COMPILER_APPICON_NAME = AppIcon;
				COMBINE_HIDPI_IMAGES = YES;
				INFOPLIST_FILE = atlasForever/Info.plist;
				LD_RUNPATH_SEARCH_PATHS = "$(inherited) @executable_path/../Frameworks";
				PRODUCT_BUNDLE_IDENTIFIER = GeorgeTorres.atlasForever;
				PRODUCT_NAME = "$(TARGET_NAME)";
			};
			name = Release;
		};
		C0B3A4351D76B6B400B2DE9A /* Debug */ = {
			isa = XCBuildConfiguration;
			buildSettings = {
				BUNDLE_LOADER = "$(TEST_HOST)";
				COMBINE_HIDPI_IMAGES = YES;
				INFOPLIST_FILE = atlasForeverTests/Info.plist;
				LD_RUNPATH_SEARCH_PATHS = "$(inherited) @executable_path/../Frameworks @loader_path/../Frameworks";
				PRODUCT_BUNDLE_IDENTIFIER = GeorgeTorres.atlasForeverTests;
				PRODUCT_NAME = "$(TARGET_NAME)";
				TEST_HOST = "$(BUILT_PRODUCTS_DIR)/atlasForever.app/Contents/MacOS/atlasForever";
			};
			name = Debug;
		};
		C0B3A4361D76B6B400B2DE9A /* Release */ = {
			isa = XCBuildConfiguration;
			buildSettings = {
				BUNDLE_LOADER = "$(TEST_HOST)";
				COMBINE_HIDPI_IMAGES = YES;
				INFOPLIST_FILE = atlasForeverTests/Info.plist;
				LD_RUNPATH_SEARCH_PATHS = "$(inherited) @executable_path/../Frameworks @loader_path/../Frameworks";
				PRODUCT_BUNDLE_IDENTIFIER = GeorgeTorres.atlasForeverTests;
				PRODUCT_NAME = "$(TARGET_NAME)";
				TEST_HOST = "$(BUILT_PRODUCTS_DIR)/atlasForever.app/Contents/MacOS/atlasForever";
			};
			name = Release;
		};
		C0B3A4381D76B6B400B2DE9A /* Debug */ = {
			isa = XCBuildConfiguration;
			buildSettings = {
				COMBINE_HIDPI_IMAGES = YES;
				INFOPLIST_FILE = atlasForeverUITests/Info.plist;
				LD_RUNPATH_SEARCH_PATHS = "$(inherited) @executable_path/../Frameworks @loader_path/../Frameworks";
				PRODUCT_BUNDLE_IDENTIFIER = GeorgeTorres.atlasForeverUITests;
				PRODUCT_NAME = "$(TARGET_NAME)";
				TEST_TARGET_NAME = atlasForever;
			};
			name = Debug;
		};
		C0B3A4391D76B6B400B2DE9A /* Release */ = {
			isa = XCBuildConfiguration;
			buildSettings = {
				COMBINE_HIDPI_IMAGES = YES;
				INFOPLIST_FILE = atlasForeverUITests/Info.plist;
				LD_RUNPATH_SEARCH_PATHS = "$(inherited) @executable_path/../Frameworks @loader_path/../Frameworks";
				PRODUCT_BUNDLE_IDENTIFIER = GeorgeTorres.atlasForeverUITests;
				PRODUCT_NAME = "$(TARGET_NAME)";
				TEST_TARGET_NAME = atlasForever;
			};
			name = Release;
		};
/* End XCBuildConfiguration section */

/* Begin XCConfigurationList section */
		C0B3A4091D76B6B400B2DE9A /* Build configuration list for PBXProject "atlasForever" */ = {
			isa = XCConfigurationList;
			buildConfigurations = (
				C0B3A42F1D76B6B400B2DE9A /* Debug */,
				C0B3A4301D76B6B400B2DE9A /* Release */,
			);
			defaultConfigurationIsVisible = 0;
			defaultConfigurationName = Release;
		};
		C0B3A4311D76B6B400B2DE9A /* Build configuration list for PBXNativeTarget "atlasForever" */ = {
			isa = XCConfigurationList;
			buildConfigurations = (
				C0B3A4321D76B6B400B2DE9A /* Debug */,
				C0B3A4331D76B6B400B2DE9A /* Release */,
			);
			defaultConfigurationIsVisible = 0;
			defaultConfigurationName = Release;
		};
		C0B3A4341D76B6B400B2DE9A /* Build configuration list for PBXNativeTarget "atlasForeverTests" */ = {
			isa = XCConfigurationList;
			buildConfigurations = (
				C0B3A4351D76B6B400B2DE9A /* Debug */,
				C0B3A4361D76B6B400B2DE9A /* Release */,
			);
			defaultConfigurationIsVisible = 0;
			defaultConfigurationName = Release;
		};
		C0B3A4371D76B6B400B2DE9A /* Build configuration list for PBXNativeTarget "atlasForeverUITests" */ = {
			isa = XCConfigurationList;
			buildConfigurations = (
				C0B3A4381D76B6B400B2DE9A /* Debug */,
				C0B3A4391D76B6B400B2DE9A /* Release */,
			);
			defaultConfigurationIsVisible = 0;
			defaultConfigurationName = Release;
		};
/* End XCConfigurationList section */
	};
	rootObject = C0B3A4061D76B6B400B2DE9A /* Project object */;
}
